
Microsoft Visual Studio Solution File, Format Version 12.00
# Visual Studio 2013
VisualStudioVersion = 12.0.30723.0
MinimumVisualStudioVersion = 10.0.40219.1
Project("{FAE04EC0-301F-11D3-BF4B-00C04F79EFBC}") = "RobotsFactory.ConsoleClient", "RobotsFactory.ConsoleClient\RobotsFactory.ConsoleClient.csproj", "{5471BB68-E377-43E2-96A6-8182B6802758}"
EndProject
Project("{FAE04EC0-301F-11D3-BF4B-00C04F79EFBC}") = "RobotsFactory.Models", "RobotsFactory.Models\RobotsFactory.Models.csproj", "{AD7D540B-E116-4233-A755-B64A2AD6175B}"
EndProject
Project("{FAE04EC0-301F-11D3-BF4B-00C04F79EFBC}") = "RobotsFactory.Data", "RobotsFactory.Data\RobotsFactory.Data.csproj", "{D78C1531-3C04-40B0-B657-7C448CCEBD22}"
EndProject
Project("{FAE04EC0-301F-11D3-BF4B-00C04F79EFBC}") = "RobotsFactory.Common", "RobotsFactory.Common\RobotsFactory.Common.csproj", "{C4A82AB1-5E0B-4A77-A02B-7165EC55A9FA}"
EndProject
Project("{FAE04EC0-301F-11D3-BF4B-00C04F79EFBC}") = "RobotsFactory.WPF", "RobotsFactory.WPF\RobotsFactory.WPF.csproj", "{4CED78F8-A79A-4A0D-A12E-3DC13EDE4C10}"
EndProject
Project("{FAE04EC0-301F-11D3-BF4B-00C04F79EFBC}") = "RobotsFactory.Reports.Models", "RobotsFactory.Reports.Models\RobotsFactory.Reports.Models.csproj", "{A740550A-11A0-4578-9F26-3A49E4F29E2D}"
EndProject
Project("{FAE04EC0-301F-11D3-BF4B-00C04F79EFBC}") = "RobotsFactory.MongoDb", "RobotsFactory.MongoDb\RobotsFactory.MongoDb.csproj", "{C0772B65-5C8A-4BB6-A28F-0DE2AFA178FA}"
EndProject
Project("{2150E333-8FDC-42A3-9474-1A3956D46DE8}") = "Solution Items", "Solution Items", "{AEFDE239-CC51-41CE-A8BB-DB67885086E4}"
	ProjectSection(SolutionItems) = preProject
		..\Documentation\TeamZealot.pptx = ..\Documentation\TeamZealot.pptx
		..\Documentation\TeamZealotDark.pptx = ..\Documentation\TeamZealotDark.pptx
	EndProjectSection
EndProject
Project("{FAE04EC0-301F-11D3-BF4B-00C04F79EFBC}") = "RobotsFactory.MySQL", "RobotsFactory.MySQL\RobotsFactory.MySQL.csproj", "{2FFB8273-2A4C-4D60-9980-92756EF99AA6}"
EndProject
Project("{FAE04EC0-301F-11D3-BF4B-00C04F79EFBC}") = "RobotsFactory.SQLite", "RobotsFactory.SQLite\RobotsFactory.SQLite.csproj", "{8BDC3581-0FB7-4C72-8948-E55988AA5528}"
EndProject
Global
	GlobalSection(SolutionConfigurationPlatforms) = preSolution
		Debug|Any CPU = Debug|Any CPU
		Release|Any CPU = Release|Any CPU
	EndGlobalSection
	GlobalSection(ProjectConfigurationPlatforms) = postSolution
		{5471BB68-E377-43E2-96A6-8182B6802758}.Debug|Any CPU.ActiveCfg = Debug|Any CPU
		{5471BB68-E377-43E2-96A6-8182B6802758}.Debug|Any CPU.Build.0 = Debug|Any CPU
		{5471BB68-E377-43E2-96A6-8182B6802758}.Release|Any CPU.ActiveCfg = Release|Any CPU
		{5471BB68-E377-43E2-96A6-8182B6802758}.Release|Any CPU.Build.0 = Release|Any CPU
		{AD7D540B-E116-4233-A755-B64A2AD6175B}.Debug|Any CPU.ActiveCfg = Debug|Any CPU
		{AD7D540B-E116-4233-A755-B64A2AD6175B}.Debug|Any CPU.Build.0 = Debug|Any CPU
		{AD7D540B-E116-4233-A755-B64A2AD6175B}.Release|Any CPU.ActiveCfg = Release|Any CPU
		{AD7D540B-E116-4233-A755-B64A2AD6175B}.Release|Any CPU.Build.0 = Release|Any CPU
		{D78C1531-3C04-40B0-B657-7C448CCEBD22}.Debug|Any CPU.ActiveCfg = Debug|Any CPU
		{D78C1531-3C04-40B0-B657-7C448CCEBD22}.Debug|Any CPU.Build.0 = Debug|Any CPU
		{D78C1531-3C04-40B0-B657-7C448CCEBD22}.Release|Any CPU.ActiveCfg = Release|Any CPU
		{D78C1531-3C04-40B0-B657-7C448CCEBD22}.Release|Any CPU.Build.0 = Release|Any CPU
		{C4A82AB1-5E0B-4A77-A02B-7165EC55A9FA}.Debug|Any CPU.ActiveCfg = Debug|Any CPU
		{C4A82AB1-5E0B-4A77-A02B-7165EC55A9FA}.Debug|Any CPU.Build.0 = Debug|Any CPU
		{C4A82AB1-5E0B-4A77-A02B-7165EC55A9FA}.Release|Any CPU.ActiveCfg = Release|Any CPU
		{C4A82AB1-5E0B-4A77-A02B-7165EC55A9FA}.Release|Any CPU.Build.0 = Release|Any CPU
		{4CED78F8-A79A-4A0D-A12E-3DC13EDE4C10}.Debug|Any CPU.ActiveCfg = Debug|Any CPU
		{4CED78F8-A79A-4A0D-A12E-3DC13EDE4C10}.Debug|Any CPU.Build.0 = Debug|Any CPU
		{4CED78F8-A79A-4A0D-A12E-3DC13EDE4C10}.Release|Any CPU.ActiveCfg = Release|Any CPU
		{4CED78F8-A79A-4A0D-A12E-3DC13EDE4C10}.Release|Any CPU.Build.0 = Release|Any CPU
		{A740550A-11A0-4578-9F26-3A49E4F29E2D}.Debug|Any CPU.ActiveCfg = Debug|Any CPU
		{A740550A-11A0-4578-9F26-3A49E4F29E2D}.Debug|Any CPU.Build.0 = Debug|Any CPU
		{A740550A-11A0-4578-9F26-3A49E4F29E2D}.Release|Any CPU.ActiveCfg = Release|Any CPU
		{A740550A-11A0-4578-9F26-3A49E4F29E2D}.Release|Any CPU.Build.0 = Release|Any CPU
		{C0772B65-5C8A-4BB6-A28F-0DE2AFA178FA}.Debug|Any CPU.ActiveCfg = Debug|Any CPU
		{C0772B65-5C8A-4BB6-A28F-0DE2AFA178FA}.Debug|Any CPU.Build.0 = Debug|Any CPU
		{C0772B65-5C8A-4BB6-A28F-0DE2AFA178FA}.Release|Any CPU.ActiveCfg = Release|Any CPU
		{C0772B65-5C8A-4BB6-A28F-0DE2AFA178FA}.Release|Any CPU.Build.0 = Release|Any CPU
		{2FFB8273-2A4C-4D60-9980-92756EF99AA6}.Debug|Any CPU.ActiveCfg = Debug|Any CPU
		{2FFB8273-2A4C-4D60-9980-92756EF99AA6}.Debug|Any CPU.Build.0 = Debug|Any CPU
		{2FFB8273-2A4C-4D60-9980-92756EF99AA6}.Release|Any CPU.ActiveCfg = Release|Any CPU
		{2FFB8273-2A4C-4D60-9980-92756EF99AA6}.Release|Any CPU.Build.0 = Release|Any CPU
		{8BDC3581-0FB7-4C72-8948-E55988AA5528}.Debug|Any CPU.ActiveCfg = Debug|Any CPU
		{8BDC3581-0FB7-4C72-8948-E55988AA5528}.Debug|Any CPU.Build.0 = Debug|Any CPU
		{8BDC3581-0FB7-4C72-8948-E55988AA5528}.Release|Any CPU.ActiveCfg = Release|Any CPU
		{8BDC3581-0FB7-4C72-8948-E55988AA5528}.Release|Any CPU.Build.0 = Release|Any CPU
	EndGlobalSection
	GlobalSection(SolutionProperties) = preSolution
		HideSolutionNode = FALSE
	EndGlobalSection
EndGlobal
