
Microsoft Visual Studio Solution File, Format Version 12.00
# Visual Studio 2013
VisualStudioVersion = 12.0.30723.0
MinimumVisualStudioVersion = 10.0.40219.1
Project("{FAE04EC0-301F-11D3-BF4B-00C04F79EFBC}") = "RobotsFactory.ConsoleClient", "RobotsFactory.ConsoleClient\RobotsFactory.ConsoleClient.csproj", "{5471BB68-E377-43E2-96A6-8182B6802758}"
EndProject
Project("{FAE04EC0-301F-11D3-BF4B-00C04F79EFBC}") = "RobotsFactory.Models", "RobotsFactory.Models\RobotsFactory.Models.csproj", "{AD7D540B-E116-4233-A755-B64A2AD6175B}"
EndProject
Project("{FAE04EC0-301F-11D3-BF4B-00C04F79EFBC}") = "RobotsFactory.Data", "RobotsFactory.Data\RobotsFactory.Data.csproj", "{D78C1531-3C04-40B0-B657-7C448CCEBD22}"
EndProject
Project("{FAE04EC0-301F-11D3-BF4B-00C04F79EFBC}") = "RobotsFactory.Common", "RobotsFactory.Common\RobotsFactory.Common.csproj", "{C4A82AB1-5E0B-4A77-A02B-7165EC55A9FA}"
EndProject
Project("{FAE04EC0-301F-11D3-BF4B-00C04F79EFBC}") = "RobotsFactory.WPF", "RobotsFactory.WPF\RobotsFactory.WPF.csproj", "{4CED78F8-A79A-4A0D-A12E-3DC13EDE4C10}"
EndProject
Global
	GlobalSection(SolutionConfigurationPlatforms) = preSolution
		Debug|Any CPU = Debug|Any CPU
		Release|Any CPU = Release|Any CPU
	EndGlobalSection
	GlobalSection(ProjectConfigurationPlatforms) = postSolution
		{5471BB68-E377-43E2-96A6-8182B6802758}.Debug|Any CPU.ActiveCfg = Debug|Any CPU
		{5471BB68-E377-43E2-96A6-8182B6802758}.Debug|Any CPU.Build.0 = Debug|Any CPU
		{5471BB68-E377-43E2-96A6-8182B6802758}.Release|Any CPU.ActiveCfg = Release|Any CPU
		{5471BB68-E377-43E2-96A6-8182B6802758}.Release|Any CPU.Build.0 = Release|Any CPU
		{AD7D540B-E116-4233-A755-B64A2AD6175B}.Debug|Any CPU.ActiveCfg = Debug|Any CPU
		{AD7D540B-E116-4233-A755-B64A2AD6175B}.Debug|Any CPU.Build.0 = Debug|Any CPU
		{AD7D540B-E116-4233-A755-B64A2AD6175B}.Release|Any CPU.ActiveCfg = Release|Any CPU
		{AD7D540B-E116-4233-A755-B64A2AD6175B}.Release|Any CPU.Build.0 = Release|Any CPU
		{D78C1531-3C04-40B0-B657-7C448CCEBD22}.Debug|Any CPU.ActiveCfg = Debug|Any CPU
		{D78C1531-3C04-40B0-B657-7C448CCEBD22}.Debug|Any CPU.Build.0 = Debug|Any CPU
		{D78C1531-3C04-40B0-B657-7C448CCEBD22}.Release|Any CPU.ActiveCfg = Release|Any CPU
		{D78C1531-3C04-40B0-B657-7C448CCEBD22}.Release|Any CPU.Build.0 = Release|Any CPU
		{C4A82AB1-5E0B-4A77-A02B-7165EC55A9FA}.Debug|Any CPU.ActiveCfg = Debug|Any CPU
		{C4A82AB1-5E0B-4A77-A02B-7165EC55A9FA}.Debug|Any CPU.Build.0 = Debug|Any CPU
		{C4A82AB1-5E0B-4A77-A02B-7165EC55A9FA}.Release|Any CPU.ActiveCfg = Release|Any CPU
		{C4A82AB1-5E0B-4A77-A02B-7165EC55A9FA}.Release|Any CPU.Build.0 = Release|Any CPU
		{4CED78F8-A79A-4A0D-A12E-3DC13EDE4C10}.Debug|Any CPU.ActiveCfg = Debug|Any CPU
		{4CED78F8-A79A-4A0D-A12E-3DC13EDE4C10}.Debug|Any CPU.Build.0 = Debug|Any CPU
		{4CED78F8-A79A-4A0D-A12E-3DC13EDE4C10}.Release|Any CPU.ActiveCfg = Release|Any CPU
		{4CED78F8-A79A-4A0D-A12E-3DC13EDE4C10}.Release|Any CPU.Build.0 = Release|Any CPU
	EndGlobalSection
	GlobalSection(SolutionProperties) = preSolution
		HideSolutionNode = FALSE
	EndGlobalSection
EndGlobal
